
Microsoft Visual Studio Solution File, Format Version 12.00
# Visual Studio 15
VisualStudioVersion = 15.0.26730.15
MinimumVisualStudioVersion = 10.0.40219.1
Project("{FAE04EC0-301F-11D3-BF4B-00C04F79EFBC}") = "DezyneSocketServerUI", "DezyneSocketServerUI\DezyneSocketServerUI.csproj", "{2F07C41A-0C23-4322-886B-DD20C5C28C73}"
EndProject
Project("{FAE04EC0-301F-11D3-BF4B-00C04F79EFBC}") = "DezyneSocketThread", "DezyneSocketThread\DezyneSocketThread.csproj", "{8B0E6A1C-0777-4D02-8356-3945D3DDA7A7}"
EndProject
Project("{FAE04EC0-301F-11D3-BF4B-00C04F79EFBC}") = "DMUNetworkData", "DMUNetworkData\DMUNetworkData\DMUNetworkData.csproj", "{0DA42714-D721-4C4B-888C-27E76A723AFB}"
EndProject
Global
	GlobalSection(SolutionConfigurationPlatforms) = preSolution
		Debug|Any CPU = Debug|Any CPU
		Release|Any CPU = Release|Any CPU
	EndGlobalSection
	GlobalSection(ProjectConfigurationPlatforms) = postSolution
		{2F07C41A-0C23-4322-886B-DD20C5C28C73}.Debug|Any CPU.ActiveCfg = Debug|Any CPU
		{2F07C41A-0C23-4322-886B-DD20C5C28C73}.Debug|Any CPU.Build.0 = Debug|Any CPU
		{2F07C41A-0C23-4322-886B-DD20C5C28C73}.Release|Any CPU.ActiveCfg = Release|Any CPU
		{2F07C41A-0C23-4322-886B-DD20C5C28C73}.Release|Any CPU.Build.0 = Release|Any CPU
		{8B0E6A1C-0777-4D02-8356-3945D3DDA7A7}.Debug|Any CPU.ActiveCfg = Debug|Any CPU
		{8B0E6A1C-0777-4D02-8356-3945D3DDA7A7}.Debug|Any CPU.Build.0 = Debug|Any CPU
		{8B0E6A1C-0777-4D02-8356-3945D3DDA7A7}.Release|Any CPU.ActiveCfg = Release|Any CPU
		{8B0E6A1C-0777-4D02-8356-3945D3DDA7A7}.Release|Any CPU.Build.0 = Release|Any CPU
		{0DA42714-D721-4C4B-888C-27E76A723AFB}.Debug|Any CPU.ActiveCfg = Debug|Any CPU
		{0DA42714-D721-4C4B-888C-27E76A723AFB}.Debug|Any CPU.Build.0 = Debug|Any CPU
		{0DA42714-D721-4C4B-888C-27E76A723AFB}.Release|Any CPU.ActiveCfg = Release|Any CPU
		{0DA42714-D721-4C4B-888C-27E76A723AFB}.Release|Any CPU.Build.0 = Release|Any CPU
	EndGlobalSection
	GlobalSection(SolutionProperties) = preSolution
		HideSolutionNode = FALSE
	EndGlobalSection
	GlobalSection(ExtensibilityGlobals) = postSolution
		SolutionGuid = {2F95A468-E508-49FE-B95A-08BE213B789B}
	EndGlobalSection
EndGlobal
